
Microsoft Visual Studio Solution File, Format Version 12.00
# Visual Studio Version 17
VisualStudioVersion = 17.0.31903.59
MinimumVisualStudioVersion = 10.0.40219.1
Project("{FAE04EC0-301F-11D3-BF4B-00C04F79EFBC}") = "ideals.test", "ideals.test\ideals.test.csproj", "{0F282A92-A059-4B45-8436-471D8DC2ABC6}"
EndProject
Project("{FAE04EC0-301F-11D3-BF4B-00C04F79EFBC}") = "ideals.test.tests", "ideals.test.tests\ideals.test.tests.csproj", "{34597136-0EB6-4F98-8EF5-8CD57B749265}"
EndProject
Global
	GlobalSection(SolutionConfigurationPlatforms) = preSolution
		Debug|Any CPU = Debug|Any CPU
		Release|Any CPU = Release|Any CPU
	EndGlobalSection
	GlobalSection(SolutionProperties) = preSolution
		HideSolutionNode = FALSE
	EndGlobalSection
	GlobalSection(ProjectConfigurationPlatforms) = postSolution
		{0F282A92-A059-4B45-8436-471D8DC2ABC6}.Debug|Any CPU.ActiveCfg = Debug|Any CPU
		{0F282A92-A059-4B45-8436-471D8DC2ABC6}.Debug|Any CPU.Build.0 = Debug|Any CPU
		{0F282A92-A059-4B45-8436-471D8DC2ABC6}.Release|Any CPU.ActiveCfg = Release|Any CPU
		{0F282A92-A059-4B45-8436-471D8DC2ABC6}.Release|Any CPU.Build.0 = Release|Any CPU
		{34597136-0EB6-4F98-8EF5-8CD57B749265}.Debug|Any CPU.ActiveCfg = Debug|Any CPU
		{34597136-0EB6-4F98-8EF5-8CD57B749265}.Debug|Any CPU.Build.0 = Debug|Any CPU
		{34597136-0EB6-4F98-8EF5-8CD57B749265}.Release|Any CPU.ActiveCfg = Release|Any CPU
		{34597136-0EB6-4F98-8EF5-8CD57B749265}.Release|Any CPU.Build.0 = Release|Any CPU
	EndGlobalSection
EndGlobal
